// !$*UTF8*$!
{
	archiveVersion = 1;
	classes = {
	};
	objectVersion = 56;
	objects = {

/* Begin PBXBuildFile section */
		9893C2F12BD9083C00052BCC /* SimQuizApp.swift in Sources */ = {isa = PBXBuildFile; fileRef = 9893C2F02BD9083C00052BCC /* SimQuizApp.swift */; };
		9893C2F52BD9083D00052BCC /* Assets.xcassets in Resources */ = {isa = PBXBuildFile; fileRef = 9893C2F42BD9083D00052BCC /* Assets.xcassets */; };
		9893C2F82BD9083D00052BCC /* Preview Assets.xcassets in Resources */ = {isa = PBXBuildFile; fileRef = 9893C2F72BD9083D00052BCC /* Preview Assets.xcassets */; };
		9893C3002BDBB93F00052BCC /* CandleModel.swift in Sources */ = {isa = PBXBuildFile; fileRef = 9893C2FF2BDBB93F00052BCC /* CandleModel.swift */; };
		9893C3072BDBE5F400052BCC /* GraphView.swift in Sources */ = {isa = PBXBuildFile; fileRef = 9893C3062BDBE5F400052BCC /* GraphView.swift */; };
		9893C30C2BDE448700052BCC /* AllOnboarding.swift in Sources */ = {isa = PBXBuildFile; fileRef = 9893C30B2BDE448700052BCC /* AllOnboarding.swift */; };
		9893C30E2BDE44B900052BCC /* OnBoarding1.swift in Sources */ = {isa = PBXBuildFile; fileRef = 9893C30D2BDE44B900052BCC /* OnBoarding1.swift */; };
		9893C3102BDE44BF00052BCC /* OnBoarding2.swift in Sources */ = {isa = PBXBuildFile; fileRef = 9893C30F2BDE44BF00052BCC /* OnBoarding2.swift */; };
		9893C3122BDE44C600052BCC /* OnBoarding3.swift in Sources */ = {isa = PBXBuildFile; fileRef = 9893C3112BDE44C600052BCC /* OnBoarding3.swift */; };
		9893C3142BDE44CD00052BCC /* OnBoarding4.swift in Sources */ = {isa = PBXBuildFile; fileRef = 9893C3132BDE44CD00052BCC /* OnBoarding4.swift */; };
		9893C3162BDE44D400052BCC /* OnBoarding5.swift in Sources */ = {isa = PBXBuildFile; fileRef = 9893C3152BDE44D400052BCC /* OnBoarding5.swift */; };
		9893C3192BDE454900052BCC /* Att.swift in Sources */ = {isa = PBXBuildFile; fileRef = 9893C3182BDE454900052BCC /* Att.swift */; };
		9893C31B2BDE470200052BCC /* WelcomeView.swift in Sources */ = {isa = PBXBuildFile; fileRef = 9893C31A2BDE470200052BCC /* WelcomeView.swift */; };
		9893C31D2BDE471E00052BCC /* LoadView.swift in Sources */ = {isa = PBXBuildFile; fileRef = 9893C31C2BDE471E00052BCC /* LoadView.swift */; };
		9893C31F2BDE474000052BCC /* NavView.swift in Sources */ = {isa = PBXBuildFile; fileRef = 9893C31E2BDE474000052BCC /* NavView.swift */; };
		9893C3222BDE4B1B00052BCC /* NavTabBar.swift in Sources */ = {isa = PBXBuildFile; fileRef = 9893C3212BDE4B1B00052BCC /* NavTabBar.swift */; };
		9893C3242BDE4C7600052BCC /* GameView.swift in Sources */ = {isa = PBXBuildFile; fileRef = 9893C3232BDE4C7600052BCC /* GameView.swift */; };
		9893C3262BDE4C7E00052BCC /* QuizView.swift in Sources */ = {isa = PBXBuildFile; fileRef = 9893C3252BDE4C7E00052BCC /* QuizView.swift */; };
		9893C3282BDE4C8600052BCC /* ProfileView.swift in Sources */ = {isa = PBXBuildFile; fileRef = 9893C3272BDE4C8600052BCC /* ProfileView.swift */; };
		9893C32A2BDE604300052BCC /* QuizVM.swift in Sources */ = {isa = PBXBuildFile; fileRef = 9893C3292BDE604300052BCC /* QuizVM.swift */; };
		9893C32C2BDE605F00052BCC /* QuizModel.swift in Sources */ = {isa = PBXBuildFile; fileRef = 9893C32B2BDE605F00052BCC /* QuizModel.swift */; };
		9893C32E2BDE65E700052BCC /* QuestionPage.swift in Sources */ = {isa = PBXBuildFile; fileRef = 9893C32D2BDE65E700052BCC /* QuestionPage.swift */; };
/* End PBXBuildFile section */

/* Begin PBXFileReference section */
		9893C2ED2BD9083C00052BCC /* SimQuiz.app */ = {isa = PBXFileReference; explicitFileType = wrapper.application; includeInIndex = 0; path = SimQuiz.app; sourceTree = BUILT_PRODUCTS_DIR; };
		9893C2F02BD9083C00052BCC /* SimQuizApp.swift */ = {isa = PBXFileReference; lastKnownFileType = sourcecode.swift; path = SimQuizApp.swift; sourceTree = "<group>"; };
		9893C2F42BD9083D00052BCC /* Assets.xcassets */ = {isa = PBXFileReference; lastKnownFileType = folder.assetcatalog; path = Assets.xcassets; sourceTree = "<group>"; };
		9893C2F72BD9083D00052BCC /* Preview Assets.xcassets */ = {isa = PBXFileReference; lastKnownFileType = folder.assetcatalog; path = "Preview Assets.xcassets"; sourceTree = "<group>"; };
		9893C2FF2BDBB93F00052BCC /* CandleModel.swift */ = {isa = PBXFileReference; lastKnownFileType = sourcecode.swift; path = CandleModel.swift; sourceTree = "<group>"; };
		9893C3062BDBE5F400052BCC /* GraphView.swift */ = {isa = PBXFileReference; lastKnownFileType = sourcecode.swift; path = GraphView.swift; sourceTree = "<group>"; };
		9893C30B2BDE448700052BCC /* AllOnboarding.swift */ = {isa = PBXFileReference; lastKnownFileType = sourcecode.swift; path = AllOnboarding.swift; sourceTree = "<group>"; };
		9893C30D2BDE44B900052BCC /* OnBoarding1.swift */ = {isa = PBXFileReference; lastKnownFileType = sourcecode.swift; path = OnBoarding1.swift; sourceTree = "<group>"; };
		9893C30F2BDE44BF00052BCC /* OnBoarding2.swift */ = {isa = PBXFileReference; lastKnownFileType = sourcecode.swift; path = OnBoarding2.swift; sourceTree = "<group>"; };
		9893C3112BDE44C600052BCC /* OnBoarding3.swift */ = {isa = PBXFileReference; lastKnownFileType = sourcecode.swift; path = OnBoarding3.swift; sourceTree = "<group>"; };
		9893C3132BDE44CD00052BCC /* OnBoarding4.swift */ = {isa = PBXFileReference; lastKnownFileType = sourcecode.swift; path = OnBoarding4.swift; sourceTree = "<group>"; };
		9893C3152BDE44D400052BCC /* OnBoarding5.swift */ = {isa = PBXFileReference; lastKnownFileType = sourcecode.swift; path = OnBoarding5.swift; sourceTree = "<group>"; };
		9893C3182BDE454900052BCC /* Att.swift */ = {isa = PBXFileReference; lastKnownFileType = sourcecode.swift; path = Att.swift; sourceTree = "<group>"; };
		9893C31A2BDE470200052BCC /* WelcomeView.swift */ = {isa = PBXFileReference; lastKnownFileType = sourcecode.swift; path = WelcomeView.swift; sourceTree = "<group>"; };
		9893C31C2BDE471E00052BCC /* LoadView.swift */ = {isa = PBXFileReference; lastKnownFileType = sourcecode.swift; path = LoadView.swift; sourceTree = "<group>"; };
		9893C31E2BDE474000052BCC /* NavView.swift */ = {isa = PBXFileReference; lastKnownFileType = sourcecode.swift; path = NavView.swift; sourceTree = "<group>"; };
		9893C3212BDE4B1B00052BCC /* NavTabBar.swift */ = {isa = PBXFileReference; lastKnownFileType = sourcecode.swift; path = NavTabBar.swift; sourceTree = "<group>"; };
		9893C3232BDE4C7600052BCC /* GameView.swift */ = {isa = PBXFileReference; lastKnownFileType = sourcecode.swift; path = GameView.swift; sourceTree = "<group>"; };
		9893C3252BDE4C7E00052BCC /* QuizView.swift */ = {isa = PBXFileReference; lastKnownFileType = sourcecode.swift; path = QuizView.swift; sourceTree = "<group>"; };
		9893C3272BDE4C8600052BCC /* ProfileView.swift */ = {isa = PBXFileReference; lastKnownFileType = sourcecode.swift; path = ProfileView.swift; sourceTree = "<group>"; };
		9893C3292BDE604300052BCC /* QuizVM.swift */ = {isa = PBXFileReference; lastKnownFileType = sourcecode.swift; path = QuizVM.swift; sourceTree = "<group>"; };
		9893C32B2BDE605F00052BCC /* QuizModel.swift */ = {isa = PBXFileReference; lastKnownFileType = sourcecode.swift; path = QuizModel.swift; sourceTree = "<group>"; };
		9893C32D2BDE65E700052BCC /* QuestionPage.swift */ = {isa = PBXFileReference; lastKnownFileType = sourcecode.swift; path = QuestionPage.swift; sourceTree = "<group>"; };
/* End PBXFileReference section */

/* Begin PBXFrameworksBuildPhase section */
		9893C2EA2BD9083C00052BCC /* Frameworks */ = {
			isa = PBXFrameworksBuildPhase;
			buildActionMask = 2147483647;
			files = (
			);
			runOnlyForDeploymentPostprocessing = 0;
		};
/* End PBXFrameworksBuildPhase section */

/* Begin PBXGroup section */
		9893C2E42BD9083C00052BCC = {
			isa = PBXGroup;
			children = (
				9893C2EF2BD9083C00052BCC /* SimQuiz */,
				9893C2EE2BD9083C00052BCC /* Products */,
			);
			sourceTree = "<group>";
		};
		9893C2EE2BD9083C00052BCC /* Products */ = {
			isa = PBXGroup;
			children = (
				9893C2ED2BD9083C00052BCC /* SimQuiz.app */,
			);
			name = Products;
			sourceTree = "<group>";
		};
		9893C2EF2BD9083C00052BCC /* SimQuiz */ = {
			isa = PBXGroup;
			children = (
				9893C3202BDE4B0E00052BCC /* Elements */,
				9893C3172BDE453300052BCC /* Ext */,
				9893C3092BDE446400052BCC /* Core */,
				9893C3082BDE445E00052BCC /* Views */,
				9893C3012BDBCE4A00052BCC /* ViewModels */,
				9893C2FE2BDBB93500052BCC /* Models */,
				9893C2F42BD9083D00052BCC /* Assets.xcassets */,
				9893C2F62BD9083D00052BCC /* Preview Content */,
			);
			path = SimQuiz;
			sourceTree = "<group>";
		};
		9893C2F62BD9083D00052BCC /* Preview Content */ = {
			isa = PBXGroup;
			children = (
				9893C2F72BD9083D00052BCC /* Preview Assets.xcassets */,
			);
			path = "Preview Content";
			sourceTree = "<group>";
		};
		9893C2FE2BDBB93500052BCC /* Models */ = {
			isa = PBXGroup;
			children = (
				9893C2FF2BDBB93F00052BCC /* CandleModel.swift */,
				9893C32B2BDE605F00052BCC /* QuizModel.swift */,
			);
			path = Models;
			sourceTree = "<group>";
		};
		9893C3012BDBCE4A00052BCC /* ViewModels */ = {
			isa = PBXGroup;
			children = (
				9893C3292BDE604300052BCC /* QuizVM.swift */,
			);
			path = ViewModels;
			sourceTree = "<group>";
		};
		9893C3082BDE445E00052BCC /* Views */ = {
			isa = PBXGroup;
			children = (
				9893C30A2BDE447400052BCC /* Onb */,
				9893C3062BDBE5F400052BCC /* GraphView.swift */,
				9893C31A2BDE470200052BCC /* WelcomeView.swift */,
				9893C31C2BDE471E00052BCC /* LoadView.swift */,
				9893C31E2BDE474000052BCC /* NavView.swift */,
				9893C3232BDE4C7600052BCC /* GameView.swift */,
				9893C3252BDE4C7E00052BCC /* QuizView.swift */,
				9893C3272BDE4C8600052BCC /* ProfileView.swift */,
			);
			path = Views;
			sourceTree = "<group>";
		};
		9893C3092BDE446400052BCC /* Core */ = {
			isa = PBXGroup;
			children = (
				9893C2F02BD9083C00052BCC /* SimQuizApp.swift */,
			);
			path = Core;
			sourceTree = "<group>";
		};
		9893C30A2BDE447400052BCC /* Onb */ = {
			isa = PBXGroup;
			children = (
				9893C30B2BDE448700052BCC /* AllOnboarding.swift */,
				9893C30D2BDE44B900052BCC /* OnBoarding1.swift */,
				9893C30F2BDE44BF00052BCC /* OnBoarding2.swift */,
				9893C3112BDE44C600052BCC /* OnBoarding3.swift */,
				9893C3132BDE44CD00052BCC /* OnBoarding4.swift */,
				9893C3152BDE44D400052BCC /* OnBoarding5.swift */,
			);
			path = Onb;
			sourceTree = "<group>";
		};
		9893C3172BDE453300052BCC /* Ext */ = {
			isa = PBXGroup;
			children = (
				9893C3182BDE454900052BCC /* Att.swift */,
			);
			path = Ext;
			sourceTree = "<group>";
		};
		9893C3202BDE4B0E00052BCC /* Elements */ = {
			isa = PBXGroup;
			children = (
				9893C3212BDE4B1B00052BCC /* NavTabBar.swift */,
				9893C32D2BDE65E700052BCC /* QuestionPage.swift */,
			);
			path = Elements;
			sourceTree = "<group>";
		};
/* End PBXGroup section */

/* Begin PBXNativeTarget section */
		9893C2EC2BD9083C00052BCC /* SimQuiz */ = {
			isa = PBXNativeTarget;
			buildConfigurationList = 9893C2FB2BD9083D00052BCC /* Build configuration list for PBXNativeTarget "SimQuiz" */;
			buildPhases = (
				9893C2E92BD9083C00052BCC /* Sources */,
				9893C2EA2BD9083C00052BCC /* Frameworks */,
				9893C2EB2BD9083C00052BCC /* Resources */,
			);
			buildRules = (
			);
			dependencies = (
			);
			name = SimQuiz;
			productName = SimQuiz;
			productReference = 9893C2ED2BD9083C00052BCC /* SimQuiz.app */;
			productType = "com.apple.product-type.application";
		};
/* End PBXNativeTarget section */

/* Begin PBXProject section */
		9893C2E52BD9083C00052BCC /* Project object */ = {
			isa = PBXProject;
			attributes = {
				BuildIndependentTargetsInParallel = 1;
				LastSwiftUpdateCheck = 1510;
				LastUpgradeCheck = 1510;
				TargetAttributes = {
					9893C2EC2BD9083C00052BCC = {
						CreatedOnToolsVersion = 15.1;
					};
				};
			};
			buildConfigurationList = 9893C2E82BD9083C00052BCC /* Build configuration list for PBXProject "SimQuiz" */;
			compatibilityVersion = "Xcode 14.0";
			developmentRegion = en;
			hasScannedForEncodings = 0;
			knownRegions = (
				en,
				Base,
			);
			mainGroup = 9893C2E42BD9083C00052BCC;
			productRefGroup = 9893C2EE2BD9083C00052BCC /* Products */;
			projectDirPath = "";
			projectRoot = "";
			targets = (
				9893C2EC2BD9083C00052BCC /* SimQuiz */,
			);
		};
/* End PBXProject section */

/* Begin PBXResourcesBuildPhase section */
		9893C2EB2BD9083C00052BCC /* Resources */ = {
			isa = PBXResourcesBuildPhase;
			buildActionMask = 2147483647;
			files = (
				9893C2F82BD9083D00052BCC /* Preview Assets.xcassets in Resources */,
				9893C2F52BD9083D00052BCC /* Assets.xcassets in Resources */,
			);
			runOnlyForDeploymentPostprocessing = 0;
		};
/* End PBXResourcesBuildPhase section */

/* Begin PBXSourcesBuildPhase section */
		9893C2E92BD9083C00052BCC /* Sources */ = {
			isa = PBXSourcesBuildPhase;
			buildActionMask = 2147483647;
			files = (
				9893C3142BDE44CD00052BCC /* OnBoarding4.swift in Sources */,
				9893C3192BDE454900052BCC /* Att.swift in Sources */,
				9893C30E2BDE44B900052BCC /* OnBoarding1.swift in Sources */,
				9893C3222BDE4B1B00052BCC /* NavTabBar.swift in Sources */,
				9893C3002BDBB93F00052BCC /* CandleModel.swift in Sources */,
				9893C3122BDE44C600052BCC /* OnBoarding3.swift in Sources */,
				9893C31F2BDE474000052BCC /* NavView.swift in Sources */,
				9893C2F12BD9083C00052BCC /* SimQuizApp.swift in Sources */,
				9893C31B2BDE470200052BCC /* WelcomeView.swift in Sources */,
				9893C3282BDE4C8600052BCC /* ProfileView.swift in Sources */,
				9893C3162BDE44D400052BCC /* OnBoarding5.swift in Sources */,
				9893C30C2BDE448700052BCC /* AllOnboarding.swift in Sources */,
				9893C31D2BDE471E00052BCC /* LoadView.swift in Sources */,
				9893C32C2BDE605F00052BCC /* QuizModel.swift in Sources */,
				9893C32E2BDE65E700052BCC /* QuestionPage.swift in Sources */,
				9893C32A2BDE604300052BCC /* QuizVM.swift in Sources */,
				9893C3102BDE44BF00052BCC /* OnBoarding2.swift in Sources */,
				9893C3242BDE4C7600052BCC /* GameView.swift in Sources */,
				9893C3262BDE4C7E00052BCC /* QuizView.swift in Sources */,
				9893C3072BDBE5F400052BCC /* GraphView.swift in Sources */,
			);
			runOnlyForDeploymentPostprocessing = 0;
		};
/* End PBXSourcesBuildPhase section */

/* Begin XCBuildConfiguration section */
		9893C2F92BD9083D00052BCC /* Debug */ = {
			isa = XCBuildConfiguration;
			buildSettings = {
				ALWAYS_SEARCH_USER_PATHS = NO;
				ASSETCATALOG_COMPILER_GENERATE_SWIFT_ASSET_SYMBOL_EXTENSIONS = YES;
				CLANG_ANALYZER_NONNULL = YES;
				CLANG_ANALYZER_NUMBER_OBJECT_CONVERSION = YES_AGGRESSIVE;
				CLANG_CXX_LANGUAGE_STANDARD = "gnu++20";
				CLANG_ENABLE_MODULES = YES;
				CLANG_ENABLE_OBJC_ARC = YES;
				CLANG_ENABLE_OBJC_WEAK = YES;
				CLANG_WARN_BLOCK_CAPTURE_AUTORELEASING = YES;
				CLANG_WARN_BOOL_CONVERSION = YES;
				CLANG_WARN_COMMA = YES;
				CLANG_WARN_CONSTANT_CONVERSION = YES;
				CLANG_WARN_DEPRECATED_OBJC_IMPLEMENTATIONS = YES;
				CLANG_WARN_DIRECT_OBJC_ISA_USAGE = YES_ERROR;
				CLANG_WARN_DOCUMENTATION_COMMENTS = YES;
				CLANG_WARN_EMPTY_BODY = YES;
				CLANG_WARN_ENUM_CONVERSION = YES;
				CLANG_WARN_INFINITE_RECURSION = YES;
				CLANG_WARN_INT_CONVERSION = YES;
				CLANG_WARN_NON_LITERAL_NULL_CONVERSION = YES;
				CLANG_WARN_OBJC_IMPLICIT_RETAIN_SELF = YES;
				CLANG_WARN_OBJC_LITERAL_CONVERSION = YES;
				CLANG_WARN_OBJC_ROOT_CLASS = YES_ERROR;
				CLANG_WARN_QUOTED_INCLUDE_IN_FRAMEWORK_HEADER = YES;
				CLANG_WARN_RANGE_LOOP_ANALYSIS = YES;
				CLANG_WARN_STRICT_PROTOTYPES = YES;
				CLANG_WARN_SUSPICIOUS_MOVE = YES;
				CLANG_WARN_UNGUARDED_AVAILABILITY = YES_AGGRESSIVE;
				CLANG_WARN_UNREACHABLE_CODE = YES;
				CLANG_WARN__DUPLICATE_METHOD_MATCH = YES;
				COPY_PHASE_STRIP = NO;
				DEBUG_INFORMATION_FORMAT = dwarf;
				ENABLE_STRICT_OBJC_MSGSEND = YES;
				ENABLE_TESTABILITY = YES;
				ENABLE_USER_SCRIPT_SANDBOXING = YES;
				GCC_C_LANGUAGE_STANDARD = gnu17;
				GCC_DYNAMIC_NO_PIC = NO;
				GCC_NO_COMMON_BLOCKS = YES;
				GCC_OPTIMIZATION_LEVEL = 0;
				GCC_PREPROCESSOR_DEFINITIONS = (
					"DEBUG=1",
					"$(inherited)",
				);
				GCC_WARN_64_TO_32_BIT_CONVERSION = YES;
				GCC_WARN_ABOUT_RETURN_TYPE = YES_ERROR;
				GCC_WARN_UNDECLARED_SELECTOR = YES;
				GCC_WARN_UNINITIALIZED_AUTOS = YES_AGGRESSIVE;
				GCC_WARN_UNUSED_FUNCTION = YES;
				GCC_WARN_UNUSED_VARIABLE = YES;
				IPHONEOS_DEPLOYMENT_TARGET = 17.0;
				LOCALIZATION_PREFERS_STRING_CATALOGS = YES;
				MTL_ENABLE_DEBUG_INFO = INCLUDE_SOURCE;
				MTL_FAST_MATH = YES;
				ONLY_ACTIVE_ARCH = YES;
				SDKROOT = iphoneos;
				SWIFT_ACTIVE_COMPILATION_CONDITIONS = "DEBUG $(inherited)";
				SWIFT_OPTIMIZATION_LEVEL = "-Onone";
			};
			name = Debug;
		};
		9893C2FA2BD9083D00052BCC /* Release */ = {
			isa = XCBuildConfiguration;
			buildSettings = {
				ALWAYS_SEARCH_USER_PATHS = NO;
				ASSETCATALOG_COMPILER_GENERATE_SWIFT_ASSET_SYMBOL_EXTENSIONS = YES;
				CLANG_ANALYZER_NONNULL = YES;
				CLANG_ANALYZER_NUMBER_OBJECT_CONVERSION = YES_AGGRESSIVE;
				CLANG_CXX_LANGUAGE_STANDARD = "gnu++20";
				CLANG_ENABLE_MODULES = YES;
				CLANG_ENABLE_OBJC_ARC = YES;
				CLANG_ENABLE_OBJC_WEAK = YES;
				CLANG_WARN_BLOCK_CAPTURE_AUTORELEASING = YES;
				CLANG_WARN_BOOL_CONVERSION = YES;
				CLANG_WARN_COMMA = YES;
				CLANG_WARN_CONSTANT_CONVERSION = YES;
				CLANG_WARN_DEPRECATED_OBJC_IMPLEMENTATIONS = YES;
				CLANG_WARN_DIRECT_OBJC_ISA_USAGE = YES_ERROR;
				CLANG_WARN_DOCUMENTATION_COMMENTS = YES;
				CLANG_WARN_EMPTY_BODY = YES;
				CLANG_WARN_ENUM_CONVERSION = YES;
				CLANG_WARN_INFINITE_RECURSION = YES;
				CLANG_WARN_INT_CONVERSION = YES;
				CLANG_WARN_NON_LITERAL_NULL_CONVERSION = YES;
				CLANG_WARN_OBJC_IMPLICIT_RETAIN_SELF = YES;
				CLANG_WARN_OBJC_LITERAL_CONVERSION = YES;
				CLANG_WARN_OBJC_ROOT_CLASS = YES_ERROR;
				CLANG_WARN_QUOTED_INCLUDE_IN_FRAMEWORK_HEADER = YES;
				CLANG_WARN_RANGE_LOOP_ANALYSIS = YES;
				CLANG_WARN_STRICT_PROTOTYPES = YES;
				CLANG_WARN_SUSPICIOUS_MOVE = YES;
				CLANG_WARN_UNGUARDED_AVAILABILITY = YES_AGGRESSIVE;
				CLANG_WARN_UNREACHABLE_CODE = YES;
				CLANG_WARN__DUPLICATE_METHOD_MATCH = YES;
				COPY_PHASE_STRIP = NO;
				DEBUG_INFORMATION_FORMAT = "dwarf-with-dsym";
				ENABLE_NS_ASSERTIONS = NO;
				ENABLE_STRICT_OBJC_MSGSEND = YES;
				ENABLE_USER_SCRIPT_SANDBOXING = YES;
				GCC_C_LANGUAGE_STANDARD = gnu17;
				GCC_NO_COMMON_BLOCKS = YES;
				GCC_WARN_64_TO_32_BIT_CONVERSION = YES;
				GCC_WARN_ABOUT_RETURN_TYPE = YES_ERROR;
				GCC_WARN_UNDECLARED_SELECTOR = YES;
				GCC_WARN_UNINITIALIZED_AUTOS = YES_AGGRESSIVE;
				GCC_WARN_UNUSED_FUNCTION = YES;
				GCC_WARN_UNUSED_VARIABLE = YES;
				IPHONEOS_DEPLOYMENT_TARGET = 17.0;
				LOCALIZATION_PREFERS_STRING_CATALOGS = YES;
				MTL_ENABLE_DEBUG_INFO = NO;
				MTL_FAST_MATH = YES;
				SDKROOT = iphoneos;
				SWIFT_COMPILATION_MODE = wholemodule;
				VALIDATE_PRODUCT = YES;
			};
			name = Release;
		};
		9893C2FC2BD9083D00052BCC /* Debug */ = {
			isa = XCBuildConfiguration;
			buildSettings = {
				ASSETCATALOG_COMPILER_APPICON_NAME = AppIcon;
				ASSETCATALOG_COMPILER_GLOBAL_ACCENT_COLOR_NAME = AccentColor;
				CODE_SIGN_STYLE = Automatic;
				CURRENT_PROJECT_VERSION = 1;
				DEVELOPMENT_ASSET_PATHS = "\"SimQuiz/Preview Content\"";
				ENABLE_PREVIEWS = YES;
				GENERATE_INFOPLIST_FILE = YES;
				INFOPLIST_KEY_NSUserTrackingUsageDescription = "Your data will be used to deliver personalized ads";
				INFOPLIST_KEY_UIApplicationSceneManifest_Generation = YES;
				INFOPLIST_KEY_UIApplicationSupportsIndirectInputEvents = YES;
				INFOPLIST_KEY_UILaunchScreen_Generation = YES;
				INFOPLIST_KEY_UISupportedInterfaceOrientations_iPad = "UIInterfaceOrientationPortrait UIInterfaceOrientationPortraitUpsideDown UIInterfaceOrientationLandscapeLeft UIInterfaceOrientationLandscapeRight";
				INFOPLIST_KEY_UISupportedInterfaceOrientations_iPhone = "UIInterfaceOrientationPortrait UIInterfaceOrientationLandscapeLeft UIInterfaceOrientationLandscapeRight";
				LD_RUNPATH_SEARCH_PATHS = (
					"$(inherited)",
					"@executable_path/Frameworks",
				);
				MARKETING_VERSION = 1.0;
				PRODUCT_BUNDLE_IDENTIFIER = Aaaa.SimQuiz;
				PRODUCT_NAME = "$(TARGET_NAME)";
				SWIFT_EMIT_LOC_STRINGS = YES;
				SWIFT_VERSION = 5.0;
				TARGETED_DEVICE_FAMILY = "1,2";
			};
			name = Debug;
		};
		9893C2FD2BD9083D00052BCC /* Release */ = {
			isa = XCBuildConfiguration;
			buildSettings = {
				ASSETCATALOG_COMPILER_APPICON_NAME = AppIcon;
				ASSETCATALOG_COMPILER_GLOBAL_ACCENT_COLOR_NAME = AccentColor;
				CODE_SIGN_STYLE = Automatic;
				CURRENT_PROJECT_VERSION = 1;
				DEVELOPMENT_ASSET_PATHS = "\"SimQuiz/Preview Content\"";
				ENABLE_PREVIEWS = YES;
				GENERATE_INFOPLIST_FILE = YES;
				INFOPLIST_KEY_NSUserTrackingUsageDescription = "Your data will be used to deliver personalized ads";
				INFOPLIST_KEY_UIApplicationSceneManifest_Generation = YES;
				INFOPLIST_KEY_UIApplicationSupportsIndirectInputEvents = YES;
				INFOPLIST_KEY_UILaunchScreen_Generation = YES;
				INFOPLIST_KEY_UISupportedInterfaceOrientations_iPad = "UIInterfaceOrientationPortrait UIInterfaceOrientationPortraitUpsideDown UIInterfaceOrientationLandscapeLeft UIInterfaceOrientationLandscapeRight";
				INFOPLIST_KEY_UISupportedInterfaceOrientations_iPhone = "UIInterfaceOrientationPortrait UIInterfaceOrientationLandscapeLeft UIInterfaceOrientationLandscapeRight";
				LD_RUNPATH_SEARCH_PATHS = (
					"$(inherited)",
					"@executable_path/Frameworks",
				);
				MARKETING_VERSION = 1.0;
				PRODUCT_BUNDLE_IDENTIFIER = Aaaa.SimQuiz;
				PRODUCT_NAME = "$(TARGET_NAME)";
				SWIFT_EMIT_LOC_STRINGS = YES;
				SWIFT_VERSION = 5.0;
				TARGETED_DEVICE_FAMILY = "1,2";
			};
			name = Release;
		};
/* End XCBuildConfiguration section */

/* Begin XCConfigurationList section */
		9893C2E82BD9083C00052BCC /* Build configuration list for PBXProject "SimQuiz" */ = {
			isa = XCConfigurationList;
			buildConfigurations = (
				9893C2F92BD9083D00052BCC /* Debug */,
				9893C2FA2BD9083D00052BCC /* Release */,
			);
			defaultConfigurationIsVisible = 0;
			defaultConfigurationName = Release;
		};
		9893C2FB2BD9083D00052BCC /* Build configuration list for PBXNativeTarget "SimQuiz" */ = {
			isa = XCConfigurationList;
			buildConfigurations = (
				9893C2FC2BD9083D00052BCC /* Debug */,
				9893C2FD2BD9083D00052BCC /* Release */,
			);
			defaultConfigurationIsVisible = 0;
			defaultConfigurationName = Release;
		};
/* End XCConfigurationList section */
	};
	rootObject = 9893C2E52BD9083C00052BCC /* Project object */;
}
